// !$*UTF8*$!
{
	archiveVersion = 1;
	classes = {
	};
	objectVersion = 56;
	objects = {

/* Begin PBXBuildFile section */
		A30B0ED42B37151B000F62F4 /* OrderPayedView.swift in Sources */ = {isa = PBXBuildFile; fileRef = A30B0ED32B37151B000F62F4 /* OrderPayedView.swift */; };
		A30B0ED62B37197D000F62F4 /* Coordinator.swift in Sources */ = {isa = PBXBuildFile; fileRef = A30B0ED52B37197D000F62F4 /* Coordinator.swift */; };
		A30B0ED82B371BFA000F62F4 /* CoordinatorView.swift in Sources */ = {isa = PBXBuildFile; fileRef = A30B0ED72B371BFA000F62F4 /* CoordinatorView.swift */; };
		A33DF78F2B324AC600CA4799 /* BookingView.swift in Sources */ = {isa = PBXBuildFile; fileRef = A33DF78E2B324AC600CA4799 /* BookingView.swift */; };
		A3A1CF622B30BF7000D0B4D2 /* TestTaskApp.swift in Sources */ = {isa = PBXBuildFile; fileRef = A3A1CF612B30BF7000D0B4D2 /* TestTaskApp.swift */; };
		A3A1CF642B30BF7000D0B4D2 /* MainView.swift in Sources */ = {isa = PBXBuildFile; fileRef = A3A1CF632B30BF7000D0B4D2 /* MainView.swift */; };
		A3A1CF662B30BF7000D0B4D2 /* Assets.xcassets in Resources */ = {isa = PBXBuildFile; fileRef = A3A1CF652B30BF7000D0B4D2 /* Assets.xcassets */; };
		A3A1CF692B30BF7000D0B4D2 /* Preview Assets.xcassets in Resources */ = {isa = PBXBuildFile; fileRef = A3A1CF682B30BF7000D0B4D2 /* Preview Assets.xcassets */; };
		A3A1CF732B30CB1800D0B4D2 /* TagView.swift in Sources */ = {isa = PBXBuildFile; fileRef = A3A1CF722B30CB1800D0B4D2 /* TagView.swift */; };
		A3A1CF752B31AA9300D0B4D2 /* OptionsView.swift in Sources */ = {isa = PBXBuildFile; fileRef = A3A1CF742B31AA9300D0B4D2 /* OptionsView.swift */; };
		A3A1CF772B31B60C00D0B4D2 /* RoomView.swift in Sources */ = {isa = PBXBuildFile; fileRef = A3A1CF762B31B60C00D0B4D2 /* RoomView.swift */; };
		A3A1CF792B31B63100D0B4D2 /* RoomViewCell.swift in Sources */ = {isa = PBXBuildFile; fileRef = A3A1CF782B31B63100D0B4D2 /* RoomViewCell.swift */; };
		A3A1CF7D2B31BB5700D0B4D2 /* NetworkService.swift in Sources */ = {isa = PBXBuildFile; fileRef = A3A1CF7C2B31BB5700D0B4D2 /* NetworkService.swift */; };
		A3A1CF7F2B31BC5100D0B4D2 /* ViewModel.swift in Sources */ = {isa = PBXBuildFile; fileRef = A3A1CF7E2B31BC5100D0B4D2 /* ViewModel.swift */; };
		A3A1CF812B31BD5C00D0B4D2 /* Endpoints.swift in Sources */ = {isa = PBXBuildFile; fileRef = A3A1CF802B31BD5C00D0B4D2 /* Endpoints.swift */; };
		A3A1CF862B31BF4300D0B4D2 /* Room.swift in Sources */ = {isa = PBXBuildFile; fileRef = A3A1CF852B31BF4300D0B4D2 /* Room.swift */; };
		A3A1CF882B31C30600D0B4D2 /* Hotel.swift in Sources */ = {isa = PBXBuildFile; fileRef = A3A1CF872B31C30600D0B4D2 /* Hotel.swift */; };
		A3A1CF8B2B31C5D900D0B4D2 /* WrappingHStack in Frameworks */ = {isa = PBXBuildFile; productRef = A3A1CF8A2B31C5D900D0B4D2 /* WrappingHStack */; };
		A3BB51BB2B330A850020C770 /* Booking.swift in Sources */ = {isa = PBXBuildFile; fileRef = A3BB51BA2B330A850020C770 /* Booking.swift */; };
		A3BB51BD2B330F0E0020C770 /* TourDetailsView.swift in Sources */ = {isa = PBXBuildFile; fileRef = A3BB51BC2B330F0E0020C770 /* TourDetailsView.swift */; };
		A3BB51C02B330FD50020C770 /* MockData.swift in Sources */ = {isa = PBXBuildFile; fileRef = A3BB51BF2B330FD50020C770 /* MockData.swift */; };
		A3C61D752B337BE900ED6F32 /* PhoneTextField.swift in Sources */ = {isa = PBXBuildFile; fileRef = A3C61D742B337BE900ED6F32 /* PhoneTextField.swift */; };
		A3C61D772B34665C00ED6F32 /* Tourist.swift in Sources */ = {isa = PBXBuildFile; fileRef = A3C61D762B34665C00ED6F32 /* Tourist.swift */; };
		A3C61D792B346B2600ED6F32 /* AddTouristView.swift in Sources */ = {isa = PBXBuildFile; fileRef = A3C61D782B346B2600ED6F32 /* AddTouristView.swift */; };
		A3C61D7B2B34721D00ED6F32 /* CostView.swift in Sources */ = {isa = PBXBuildFile; fileRef = A3C61D7A2B34721D00ED6F32 /* CostView.swift */; };
		A3C61D7D2B349F2000ED6F32 /* EmailTextFieldView.swift in Sources */ = {isa = PBXBuildFile; fileRef = A3C61D7C2B349F2000ED6F32 /* EmailTextFieldView.swift */; };
		A3C61D7F2B34A61000ED6F32 /* Extensions.swift in Sources */ = {isa = PBXBuildFile; fileRef = A3C61D7E2B34A61000ED6F32 /* Extensions.swift */; };
		A3D4C0E42B3331CA004C2972 /* TouristView.swift in Sources */ = {isa = PBXBuildFile; fileRef = A3D4C0E32B3331CA004C2972 /* TouristView.swift */; };
		A3D4C0E82B3336DD004C2972 /* TextFieldView.swift in Sources */ = {isa = PBXBuildFile; fileRef = A3D4C0E72B3336DD004C2972 /* TextFieldView.swift */; };
		A3D4C0EB2B335899004C2972 /* iPhoneNumberField in Frameworks */ = {isa = PBXBuildFile; productRef = A3D4C0EA2B335899004C2972 /* iPhoneNumberField */; };
/* End PBXBuildFile section */

/* Begin PBXFileReference section */
		A30B0ED32B37151B000F62F4 /* OrderPayedView.swift */ = {isa = PBXFileReference; lastKnownFileType = sourcecode.swift; path = OrderPayedView.swift; sourceTree = "<group>"; };
		A30B0ED52B37197D000F62F4 /* Coordinator.swift */ = {isa = PBXFileReference; lastKnownFileType = sourcecode.swift; path = Coordinator.swift; sourceTree = "<group>"; };
		A30B0ED72B371BFA000F62F4 /* CoordinatorView.swift */ = {isa = PBXFileReference; lastKnownFileType = sourcecode.swift; path = CoordinatorView.swift; sourceTree = "<group>"; };
		A33DF78E2B324AC600CA4799 /* BookingView.swift */ = {isa = PBXFileReference; lastKnownFileType = sourcecode.swift; path = BookingView.swift; sourceTree = "<group>"; };
		A3A1CF5E2B30BF7000D0B4D2 /* TestTask.app */ = {isa = PBXFileReference; explicitFileType = wrapper.application; includeInIndex = 0; path = TestTask.app; sourceTree = BUILT_PRODUCTS_DIR; };
		A3A1CF612B30BF7000D0B4D2 /* TestTaskApp.swift */ = {isa = PBXFileReference; lastKnownFileType = sourcecode.swift; path = TestTaskApp.swift; sourceTree = "<group>"; };
		A3A1CF632B30BF7000D0B4D2 /* MainView.swift */ = {isa = PBXFileReference; lastKnownFileType = sourcecode.swift; path = MainView.swift; sourceTree = "<group>"; };
		A3A1CF652B30BF7000D0B4D2 /* Assets.xcassets */ = {isa = PBXFileReference; lastKnownFileType = folder.assetcatalog; path = Assets.xcassets; sourceTree = "<group>"; };
		A3A1CF682B30BF7000D0B4D2 /* Preview Assets.xcassets */ = {isa = PBXFileReference; lastKnownFileType = folder.assetcatalog; path = "Preview Assets.xcassets"; sourceTree = "<group>"; };
		A3A1CF722B30CB1800D0B4D2 /* TagView.swift */ = {isa = PBXFileReference; lastKnownFileType = sourcecode.swift; path = TagView.swift; sourceTree = "<group>"; };
		A3A1CF742B31AA9300D0B4D2 /* OptionsView.swift */ = {isa = PBXFileReference; lastKnownFileType = sourcecode.swift; path = OptionsView.swift; sourceTree = "<group>"; };
		A3A1CF762B31B60C00D0B4D2 /* RoomView.swift */ = {isa = PBXFileReference; lastKnownFileType = sourcecode.swift; path = RoomView.swift; sourceTree = "<group>"; };
		A3A1CF782B31B63100D0B4D2 /* RoomViewCell.swift */ = {isa = PBXFileReference; lastKnownFileType = sourcecode.swift; path = RoomViewCell.swift; sourceTree = "<group>"; };
		A3A1CF7C2B31BB5700D0B4D2 /* NetworkService.swift */ = {isa = PBXFileReference; lastKnownFileType = sourcecode.swift; path = NetworkService.swift; sourceTree = "<group>"; };
		A3A1CF7E2B31BC5100D0B4D2 /* ViewModel.swift */ = {isa = PBXFileReference; lastKnownFileType = sourcecode.swift; path = ViewModel.swift; sourceTree = "<group>"; };
		A3A1CF802B31BD5C00D0B4D2 /* Endpoints.swift */ = {isa = PBXFileReference; lastKnownFileType = sourcecode.swift; path = Endpoints.swift; sourceTree = "<group>"; };
		A3A1CF852B31BF4300D0B4D2 /* Room.swift */ = {isa = PBXFileReference; lastKnownFileType = sourcecode.swift; path = Room.swift; sourceTree = "<group>"; };
		A3A1CF872B31C30600D0B4D2 /* Hotel.swift */ = {isa = PBXFileReference; lastKnownFileType = sourcecode.swift; path = Hotel.swift; sourceTree = "<group>"; };
		A3BB51BA2B330A850020C770 /* Booking.swift */ = {isa = PBXFileReference; lastKnownFileType = sourcecode.swift; path = Booking.swift; sourceTree = "<group>"; };
		A3BB51BC2B330F0E0020C770 /* TourDetailsView.swift */ = {isa = PBXFileReference; lastKnownFileType = sourcecode.swift; path = TourDetailsView.swift; sourceTree = "<group>"; };
		A3BB51BF2B330FD50020C770 /* MockData.swift */ = {isa = PBXFileReference; lastKnownFileType = sourcecode.swift; path = MockData.swift; sourceTree = "<group>"; };
		A3C61D742B337BE900ED6F32 /* PhoneTextField.swift */ = {isa = PBXFileReference; lastKnownFileType = sourcecode.swift; path = PhoneTextField.swift; sourceTree = "<group>"; };
		A3C61D762B34665C00ED6F32 /* Tourist.swift */ = {isa = PBXFileReference; lastKnownFileType = sourcecode.swift; path = Tourist.swift; sourceTree = "<group>"; };
		A3C61D782B346B2600ED6F32 /* AddTouristView.swift */ = {isa = PBXFileReference; lastKnownFileType = sourcecode.swift; path = AddTouristView.swift; sourceTree = "<group>"; };
		A3C61D7A2B34721D00ED6F32 /* CostView.swift */ = {isa = PBXFileReference; lastKnownFileType = sourcecode.swift; path = CostView.swift; sourceTree = "<group>"; };
		A3C61D7C2B349F2000ED6F32 /* EmailTextFieldView.swift */ = {isa = PBXFileReference; lastKnownFileType = sourcecode.swift; path = EmailTextFieldView.swift; sourceTree = "<group>"; };
		A3C61D7E2B34A61000ED6F32 /* Extensions.swift */ = {isa = PBXFileReference; lastKnownFileType = sourcecode.swift; path = Extensions.swift; sourceTree = "<group>"; };
		A3D4C0E32B3331CA004C2972 /* TouristView.swift */ = {isa = PBXFileReference; lastKnownFileType = sourcecode.swift; path = TouristView.swift; sourceTree = "<group>"; };
		A3D4C0E72B3336DD004C2972 /* TextFieldView.swift */ = {isa = PBXFileReference; lastKnownFileType = sourcecode.swift; path = TextFieldView.swift; sourceTree = "<group>"; };
/* End PBXFileReference section */

/* Begin PBXFrameworksBuildPhase section */
		A3A1CF5B2B30BF7000D0B4D2 /* Frameworks */ = {
			isa = PBXFrameworksBuildPhase;
			buildActionMask = 2147483647;
			files = (
				A3A1CF8B2B31C5D900D0B4D2 /* WrappingHStack in Frameworks */,
				A3D4C0EB2B335899004C2972 /* iPhoneNumberField in Frameworks */,
			);
			runOnlyForDeploymentPostprocessing = 0;
		};
/* End PBXFrameworksBuildPhase section */

/* Begin PBXGroup section */
		A30B0ED02B3714A1000F62F4 /* Views */ = {
			isa = PBXGroup;
			children = (
				A3A1CF762B31B60C00D0B4D2 /* RoomView.swift */,
				A3A1CF782B31B63100D0B4D2 /* RoomViewCell.swift */,
				A33DF78E2B324AC600CA4799 /* BookingView.swift */,
				A3A1CF632B30BF7000D0B4D2 /* MainView.swift */,
				A30B0ED32B37151B000F62F4 /* OrderPayedView.swift */,
				A30B0ED72B371BFA000F62F4 /* CoordinatorView.swift */,
			);
			path = Views;
			sourceTree = "<group>";
		};
		A30B0ED12B3714A9000F62F4 /* ViewModel */ = {
			isa = PBXGroup;
			children = (
				A3A1CF7E2B31BC5100D0B4D2 /* ViewModel.swift */,
			);
			path = ViewModel;
			sourceTree = "<group>";
		};
		A30B0ED22B3714C0000F62F4 /* App */ = {
			isa = PBXGroup;
			children = (
				A3A1CF612B30BF7000D0B4D2 /* TestTaskApp.swift */,
			);
			path = App;
			sourceTree = "<group>";
		};
		A3A1CF552B30BF7000D0B4D2 = {
			isa = PBXGroup;
			children = (
				A3A1CF602B30BF7000D0B4D2 /* TestTask */,
				A3A1CF5F2B30BF7000D0B4D2 /* Products */,
			);
			sourceTree = "<group>";
		};
		A3A1CF5F2B30BF7000D0B4D2 /* Products */ = {
			isa = PBXGroup;
			children = (
				A3A1CF5E2B30BF7000D0B4D2 /* TestTask.app */,
			);
			name = Products;
			sourceTree = "<group>";
		};
		A3A1CF602B30BF7000D0B4D2 /* TestTask */ = {
			isa = PBXGroup;
			children = (
				A30B0ED22B3714C0000F62F4 /* App */,
				A3A1CF7A2B31BB4200D0B4D2 /* Services */,
				A30B0ED12B3714A9000F62F4 /* ViewModel */,
				A30B0ED02B3714A1000F62F4 /* Views */,
				A3BB51BE2B330FC80020C770 /* Helpers */,
				A3A1CF842B31BF3B00D0B4D2 /* Model */,
				A3A1CF652B30BF7000D0B4D2 /* Assets.xcassets */,
				A3A1CF672B30BF7000D0B4D2 /* Preview Content */,
				A3A1CF6F2B30CAFC00D0B4D2 /* Components */,
			);
			path = TestTask;
			sourceTree = "<group>";
		};
		A3A1CF672B30BF7000D0B4D2 /* Preview Content */ = {
			isa = PBXGroup;
			children = (
				A3A1CF682B30BF7000D0B4D2 /* Preview Assets.xcassets */,
			);
			path = "Preview Content";
			sourceTree = "<group>";
		};
		A3A1CF6F2B30CAFC00D0B4D2 /* Components */ = {
			isa = PBXGroup;
			children = (
				A3A1CF722B30CB1800D0B4D2 /* TagView.swift */,
				A3A1CF742B31AA9300D0B4D2 /* OptionsView.swift */,
				A3BB51BC2B330F0E0020C770 /* TourDetailsView.swift */,
				A3D4C0E32B3331CA004C2972 /* TouristView.swift */,
				A3D4C0E72B3336DD004C2972 /* TextFieldView.swift */,
				A3C61D742B337BE900ED6F32 /* PhoneTextField.swift */,
				A3C61D782B346B2600ED6F32 /* AddTouristView.swift */,
				A3C61D7A2B34721D00ED6F32 /* CostView.swift */,
				A3C61D7C2B349F2000ED6F32 /* EmailTextFieldView.swift */,
			);
			path = Components;
			sourceTree = "<group>";
		};
		A3A1CF7A2B31BB4200D0B4D2 /* Services */ = {
			isa = PBXGroup;
			children = (
				A3A1CF7B2B31BB4A00D0B4D2 /* NetworkService */,
				A30B0ED52B37197D000F62F4 /* Coordinator.swift */,
			);
			path = Services;
			sourceTree = "<group>";
		};
		A3A1CF7B2B31BB4A00D0B4D2 /* NetworkService */ = {
			isa = PBXGroup;
			children = (
				A3A1CF7C2B31BB5700D0B4D2 /* NetworkService.swift */,
				A3A1CF802B31BD5C00D0B4D2 /* Endpoints.swift */,
			);
			path = NetworkService;
			sourceTree = "<group>";
		};
		A3A1CF842B31BF3B00D0B4D2 /* Model */ = {
			isa = PBXGroup;
			children = (
				A3A1CF852B31BF4300D0B4D2 /* Room.swift */,
				A3A1CF872B31C30600D0B4D2 /* Hotel.swift */,
				A3BB51BA2B330A850020C770 /* Booking.swift */,
				A3C61D762B34665C00ED6F32 /* Tourist.swift */,
			);
			path = Model;
			sourceTree = "<group>";
		};
		A3BB51BE2B330FC80020C770 /* Helpers */ = {
			isa = PBXGroup;
			children = (
				A3BB51BF2B330FD50020C770 /* MockData.swift */,
				A3C61D7E2B34A61000ED6F32 /* Extensions.swift */,
			);
			path = Helpers;
			sourceTree = "<group>";
		};
/* End PBXGroup section */

/* Begin PBXNativeTarget section */
		A3A1CF5D2B30BF7000D0B4D2 /* TestTask */ = {
			isa = PBXNativeTarget;
			buildConfigurationList = A3A1CF6C2B30BF7000D0B4D2 /* Build configuration list for PBXNativeTarget "TestTask" */;
			buildPhases = (
				A3A1CF5A2B30BF7000D0B4D2 /* Sources */,
				A3A1CF5B2B30BF7000D0B4D2 /* Frameworks */,
				A3A1CF5C2B30BF7000D0B4D2 /* Resources */,
			);
			buildRules = (
			);
			dependencies = (
			);
			name = TestTask;
			packageProductDependencies = (
				A3A1CF8A2B31C5D900D0B4D2 /* WrappingHStack */,
				A3D4C0EA2B335899004C2972 /* iPhoneNumberField */,
			);
			productName = TestTask;
			productReference = A3A1CF5E2B30BF7000D0B4D2 /* TestTask.app */;
			productType = "com.apple.product-type.application";
		};
/* End PBXNativeTarget section */

/* Begin PBXProject section */
		A3A1CF562B30BF7000D0B4D2 /* Project object */ = {
			isa = PBXProject;
			attributes = {
				BuildIndependentTargetsInParallel = 1;
				LastSwiftUpdateCheck = 1510;
				LastUpgradeCheck = 1510;
				TargetAttributes = {
					A3A1CF5D2B30BF7000D0B4D2 = {
						CreatedOnToolsVersion = 15.1;
					};
				};
			};
			buildConfigurationList = A3A1CF592B30BF7000D0B4D2 /* Build configuration list for PBXProject "TestTask" */;
			compatibilityVersion = "Xcode 14.0";
			developmentRegion = en;
			hasScannedForEncodings = 0;
			knownRegions = (
				en,
				Base,
			);
			mainGroup = A3A1CF552B30BF7000D0B4D2;
			packageReferences = (
				A3A1CF892B31C5D900D0B4D2 /* XCRemoteSwiftPackageReference "WrappingHStack" */,
				A3D4C0E92B335899004C2972 /* XCRemoteSwiftPackageReference "iPhoneNumberField" */,
			);
			productRefGroup = A3A1CF5F2B30BF7000D0B4D2 /* Products */;
			projectDirPath = "";
			projectRoot = "";
			targets = (
				A3A1CF5D2B30BF7000D0B4D2 /* TestTask */,
			);
		};
/* End PBXProject section */

/* Begin PBXResourcesBuildPhase section */
		A3A1CF5C2B30BF7000D0B4D2 /* Resources */ = {
			isa = PBXResourcesBuildPhase;
			buildActionMask = 2147483647;
			files = (
				A3A1CF692B30BF7000D0B4D2 /* Preview Assets.xcassets in Resources */,
				A3A1CF662B30BF7000D0B4D2 /* Assets.xcassets in Resources */,
			);
			runOnlyForDeploymentPostprocessing = 0;
		};
/* End PBXResourcesBuildPhase section */

/* Begin PBXSourcesBuildPhase section */
		A3A1CF5A2B30BF7000D0B4D2 /* Sources */ = {
			isa = PBXSourcesBuildPhase;
			buildActionMask = 2147483647;
			files = (
				A3A1CF642B30BF7000D0B4D2 /* MainView.swift in Sources */,
				A3D4C0E82B3336DD004C2972 /* TextFieldView.swift in Sources */,
				A3A1CF622B30BF7000D0B4D2 /* TestTaskApp.swift in Sources */,
				A3A1CF772B31B60C00D0B4D2 /* RoomView.swift in Sources */,
				A3D4C0E42B3331CA004C2972 /* TouristView.swift in Sources */,
				A3C61D792B346B2600ED6F32 /* AddTouristView.swift in Sources */,
				A3A1CF732B30CB1800D0B4D2 /* TagView.swift in Sources */,
				A3C61D7D2B349F2000ED6F32 /* EmailTextFieldView.swift in Sources */,
				A3C61D752B337BE900ED6F32 /* PhoneTextField.swift in Sources */,
				A30B0ED82B371BFA000F62F4 /* CoordinatorView.swift in Sources */,
				A3A1CF752B31AA9300D0B4D2 /* OptionsView.swift in Sources */,
				A3C61D772B34665C00ED6F32 /* Tourist.swift in Sources */,
				A3C61D7B2B34721D00ED6F32 /* CostView.swift in Sources */,
				A33DF78F2B324AC600CA4799 /* BookingView.swift in Sources */,
				A3A1CF792B31B63100D0B4D2 /* RoomViewCell.swift in Sources */,
				A3A1CF882B31C30600D0B4D2 /* Hotel.swift in Sources */,
				A3A1CF7F2B31BC5100D0B4D2 /* ViewModel.swift in Sources */,
				A3BB51BB2B330A850020C770 /* Booking.swift in Sources */,
				A3A1CF812B31BD5C00D0B4D2 /* Endpoints.swift in Sources */,
				A3C61D7F2B34A61000ED6F32 /* Extensions.swift in Sources */,
				A3A1CF7D2B31BB5700D0B4D2 /* NetworkService.swift in Sources */,
				A3BB51C02B330FD50020C770 /* MockData.swift in Sources */,
				A3BB51BD2B330F0E0020C770 /* TourDetailsView.swift in Sources */,
				A30B0ED62B37197D000F62F4 /* Coordinator.swift in Sources */,
				A30B0ED42B37151B000F62F4 /* OrderPayedView.swift in Sources */,
				A3A1CF862B31BF4300D0B4D2 /* Room.swift in Sources */,
			);
			runOnlyForDeploymentPostprocessing = 0;
		};
/* End PBXSourcesBuildPhase section */

/* Begin XCBuildConfiguration section */
		A3A1CF6A2B30BF7000D0B4D2 /* Debug */ = {
			isa = XCBuildConfiguration;
			buildSettings = {
				ALWAYS_SEARCH_USER_PATHS = NO;
				ASSETCATALOG_COMPILER_GENERATE_SWIFT_ASSET_SYMBOL_EXTENSIONS = YES;
				CLANG_ANALYZER_NONNULL = YES;
				CLANG_ANALYZER_NUMBER_OBJECT_CONVERSION = YES_AGGRESSIVE;
				CLANG_CXX_LANGUAGE_STANDARD = "gnu++20";
				CLANG_ENABLE_MODULES = YES;
				CLANG_ENABLE_OBJC_ARC = YES;
				CLANG_ENABLE_OBJC_WEAK = YES;
				CLANG_WARN_BLOCK_CAPTURE_AUTORELEASING = YES;
				CLANG_WARN_BOOL_CONVERSION = YES;
				CLANG_WARN_COMMA = YES;
				CLANG_WARN_CONSTANT_CONVERSION = YES;
				CLANG_WARN_DEPRECATED_OBJC_IMPLEMENTATIONS = YES;
				CLANG_WARN_DIRECT_OBJC_ISA_USAGE = YES_ERROR;
				CLANG_WARN_DOCUMENTATION_COMMENTS = YES;
				CLANG_WARN_EMPTY_BODY = YES;
				CLANG_WARN_ENUM_CONVERSION = YES;
				CLANG_WARN_INFINITE_RECURSION = YES;
				CLANG_WARN_INT_CONVERSION = YES;
				CLANG_WARN_NON_LITERAL_NULL_CONVERSION = YES;
				CLANG_WARN_OBJC_IMPLICIT_RETAIN_SELF = YES;
				CLANG_WARN_OBJC_LITERAL_CONVERSION = YES;
				CLANG_WARN_OBJC_ROOT_CLASS = YES_ERROR;
				CLANG_WARN_QUOTED_INCLUDE_IN_FRAMEWORK_HEADER = YES;
				CLANG_WARN_RANGE_LOOP_ANALYSIS = YES;
				CLANG_WARN_STRICT_PROTOTYPES = YES;
				CLANG_WARN_SUSPICIOUS_MOVE = YES;
				CLANG_WARN_UNGUARDED_AVAILABILITY = YES_AGGRESSIVE;
				CLANG_WARN_UNREACHABLE_CODE = YES;
				CLANG_WARN__DUPLICATE_METHOD_MATCH = YES;
				COPY_PHASE_STRIP = NO;
				DEBUG_INFORMATION_FORMAT = dwarf;
				ENABLE_STRICT_OBJC_MSGSEND = YES;
				ENABLE_TESTABILITY = YES;
				ENABLE_USER_SCRIPT_SANDBOXING = YES;
				GCC_C_LANGUAGE_STANDARD = gnu17;
				GCC_DYNAMIC_NO_PIC = NO;
				GCC_NO_COMMON_BLOCKS = YES;
				GCC_OPTIMIZATION_LEVEL = 0;
				GCC_PREPROCESSOR_DEFINITIONS = (
					"DEBUG=1",
					"$(inherited)",
				);
				GCC_WARN_64_TO_32_BIT_CONVERSION = YES;
				GCC_WARN_ABOUT_RETURN_TYPE = YES_ERROR;
				GCC_WARN_UNDECLARED_SELECTOR = YES;
				GCC_WARN_UNINITIALIZED_AUTOS = YES_AGGRESSIVE;
				GCC_WARN_UNUSED_FUNCTION = YES;
				GCC_WARN_UNUSED_VARIABLE = YES;
				IPHONEOS_DEPLOYMENT_TARGET = 17.2;
				LOCALIZATION_PREFERS_STRING_CATALOGS = YES;
				MTL_ENABLE_DEBUG_INFO = INCLUDE_SOURCE;
				MTL_FAST_MATH = YES;
				ONLY_ACTIVE_ARCH = YES;
				SDKROOT = iphoneos;
				SWIFT_ACTIVE_COMPILATION_CONDITIONS = "DEBUG $(inherited)";
				SWIFT_OPTIMIZATION_LEVEL = "-Onone";
			};
			name = Debug;
		};
		A3A1CF6B2B30BF7000D0B4D2 /* Release */ = {
			isa = XCBuildConfiguration;
			buildSettings = {
				ALWAYS_SEARCH_USER_PATHS = NO;
				ASSETCATALOG_COMPILER_GENERATE_SWIFT_ASSET_SYMBOL_EXTENSIONS = YES;
				CLANG_ANALYZER_NONNULL = YES;
				CLANG_ANALYZER_NUMBER_OBJECT_CONVERSION = YES_AGGRESSIVE;
				CLANG_CXX_LANGUAGE_STANDARD = "gnu++20";
				CLANG_ENABLE_MODULES = YES;
				CLANG_ENABLE_OBJC_ARC = YES;
				CLANG_ENABLE_OBJC_WEAK = YES;
				CLANG_WARN_BLOCK_CAPTURE_AUTORELEASING = YES;
				CLANG_WARN_BOOL_CONVERSION = YES;
				CLANG_WARN_COMMA = YES;
				CLANG_WARN_CONSTANT_CONVERSION = YES;
				CLANG_WARN_DEPRECATED_OBJC_IMPLEMENTATIONS = YES;
				CLANG_WARN_DIRECT_OBJC_ISA_USAGE = YES_ERROR;
				CLANG_WARN_DOCUMENTATION_COMMENTS = YES;
				CLANG_WARN_EMPTY_BODY = YES;
				CLANG_WARN_ENUM_CONVERSION = YES;
				CLANG_WARN_INFINITE_RECURSION = YES;
				CLANG_WARN_INT_CONVERSION = YES;
				CLANG_WARN_NON_LITERAL_NULL_CONVERSION = YES;
				CLANG_WARN_OBJC_IMPLICIT_RETAIN_SELF = YES;
				CLANG_WARN_OBJC_LITERAL_CONVERSION = YES;
				CLANG_WARN_OBJC_ROOT_CLASS = YES_ERROR;
				CLANG_WARN_QUOTED_INCLUDE_IN_FRAMEWORK_HEADER = YES;
				CLANG_WARN_RANGE_LOOP_ANALYSIS = YES;
				CLANG_WARN_STRICT_PROTOTYPES = YES;
				CLANG_WARN_SUSPICIOUS_MOVE = YES;
				CLANG_WARN_UNGUARDED_AVAILABILITY = YES_AGGRESSIVE;
				CLANG_WARN_UNREACHABLE_CODE = YES;
				CLANG_WARN__DUPLICATE_METHOD_MATCH = YES;
				COPY_PHASE_STRIP = NO;
				DEBUG_INFORMATION_FORMAT = "dwarf-with-dsym";
				ENABLE_NS_ASSERTIONS = NO;
				ENABLE_STRICT_OBJC_MSGSEND = YES;
				ENABLE_USER_SCRIPT_SANDBOXING = YES;
				GCC_C_LANGUAGE_STANDARD = gnu17;
				GCC_NO_COMMON_BLOCKS = YES;
				GCC_WARN_64_TO_32_BIT_CONVERSION = YES;
				GCC_WARN_ABOUT_RETURN_TYPE = YES_ERROR;
				GCC_WARN_UNDECLARED_SELECTOR = YES;
				GCC_WARN_UNINITIALIZED_AUTOS = YES_AGGRESSIVE;
				GCC_WARN_UNUSED_FUNCTION = YES;
				GCC_WARN_UNUSED_VARIABLE = YES;
				IPHONEOS_DEPLOYMENT_TARGET = 17.2;
				LOCALIZATION_PREFERS_STRING_CATALOGS = YES;
				MTL_ENABLE_DEBUG_INFO = NO;
				MTL_FAST_MATH = YES;
				SDKROOT = iphoneos;
				SWIFT_COMPILATION_MODE = wholemodule;
				VALIDATE_PRODUCT = YES;
			};
			name = Release;
		};
		A3A1CF6D2B30BF7000D0B4D2 /* Debug */ = {
			isa = XCBuildConfiguration;
			buildSettings = {
				ASSETCATALOG_COMPILER_APPICON_NAME = AppIcon;
				ASSETCATALOG_COMPILER_GLOBAL_ACCENT_COLOR_NAME = AccentColor;
				CODE_SIGN_STYLE = Automatic;
				CURRENT_PROJECT_VERSION = 1;
				DEVELOPMENT_ASSET_PATHS = "\"TestTask/Preview Content\"";
				DEVELOPMENT_TEAM = UN5MX5RT64;
				ENABLE_PREVIEWS = YES;
				GENERATE_INFOPLIST_FILE = YES;
				INFOPLIST_KEY_UIApplicationSceneManifest_Generation = YES;
				INFOPLIST_KEY_UIApplicationSupportsIndirectInputEvents = YES;
				INFOPLIST_KEY_UILaunchScreen_Generation = YES;
				INFOPLIST_KEY_UISupportedInterfaceOrientations_iPad = "UIInterfaceOrientationPortrait UIInterfaceOrientationPortraitUpsideDown UIInterfaceOrientationLandscapeLeft UIInterfaceOrientationLandscapeRight";
				INFOPLIST_KEY_UISupportedInterfaceOrientations_iPhone = "UIInterfaceOrientationPortrait UIInterfaceOrientationLandscapeLeft UIInterfaceOrientationLandscapeRight";
				LD_RUNPATH_SEARCH_PATHS = (
					"$(inherited)",
					"@executable_path/Frameworks",
				);
				MARKETING_VERSION = 1.0;
				PRODUCT_BUNDLE_IDENTIFIER = Evgenii.Mikhailov.TestTask;
				PRODUCT_NAME = "$(TARGET_NAME)";
				SWIFT_EMIT_LOC_STRINGS = YES;
				SWIFT_VERSION = 5.0;
				TARGETED_DEVICE_FAMILY = "1,2";
			};
			name = Debug;
		};
		A3A1CF6E2B30BF7000D0B4D2 /* Release */ = {
			isa = XCBuildConfiguration;
			buildSettings = {
				ASSETCATALOG_COMPILER_APPICON_NAME = AppIcon;
				ASSETCATALOG_COMPILER_GLOBAL_ACCENT_COLOR_NAME = AccentColor;
				CODE_SIGN_STYLE = Automatic;
				CURRENT_PROJECT_VERSION = 1;
				DEVELOPMENT_ASSET_PATHS = "\"TestTask/Preview Content\"";
				DEVELOPMENT_TEAM = UN5MX5RT64;
				ENABLE_PREVIEWS = YES;
				GENERATE_INFOPLIST_FILE = YES;
				INFOPLIST_KEY_UIApplicationSceneManifest_Generation = YES;
				INFOPLIST_KEY_UIApplicationSupportsIndirectInputEvents = YES;
				INFOPLIST_KEY_UILaunchScreen_Generation = YES;
				INFOPLIST_KEY_UISupportedInterfaceOrientations_iPad = "UIInterfaceOrientationPortrait UIInterfaceOrientationPortraitUpsideDown UIInterfaceOrientationLandscapeLeft UIInterfaceOrientationLandscapeRight";
				INFOPLIST_KEY_UISupportedInterfaceOrientations_iPhone = "UIInterfaceOrientationPortrait UIInterfaceOrientationLandscapeLeft UIInterfaceOrientationLandscapeRight";
				LD_RUNPATH_SEARCH_PATHS = (
					"$(inherited)",
					"@executable_path/Frameworks",
				);
				MARKETING_VERSION = 1.0;
				PRODUCT_BUNDLE_IDENTIFIER = Evgenii.Mikhailov.TestTask;
				PRODUCT_NAME = "$(TARGET_NAME)";
				SWIFT_EMIT_LOC_STRINGS = YES;
				SWIFT_VERSION = 5.0;
				TARGETED_DEVICE_FAMILY = "1,2";
			};
			name = Release;
		};
/* End XCBuildConfiguration section */

/* Begin XCConfigurationList section */
		A3A1CF592B30BF7000D0B4D2 /* Build configuration list for PBXProject "TestTask" */ = {
			isa = XCConfigurationList;
			buildConfigurations = (
				A3A1CF6A2B30BF7000D0B4D2 /* Debug */,
				A3A1CF6B2B30BF7000D0B4D2 /* Release */,
			);
			defaultConfigurationIsVisible = 0;
			defaultConfigurationName = Release;
		};
		A3A1CF6C2B30BF7000D0B4D2 /* Build configuration list for PBXNativeTarget "TestTask" */ = {
			isa = XCConfigurationList;
			buildConfigurations = (
				A3A1CF6D2B30BF7000D0B4D2 /* Debug */,
				A3A1CF6E2B30BF7000D0B4D2 /* Release */,
			);
			defaultConfigurationIsVisible = 0;
			defaultConfigurationName = Release;
		};
/* End XCConfigurationList section */

/* Begin XCRemoteSwiftPackageReference section */
		A3A1CF892B31C5D900D0B4D2 /* XCRemoteSwiftPackageReference "WrappingHStack" */ = {
			isa = XCRemoteSwiftPackageReference;
			repositoryURL = "https://github.com/dkk/WrappingHStack";
			requirement = {
				kind = upToNextMajorVersion;
				minimumVersion = 2.2.11;
			};
		};
		A3D4C0E92B335899004C2972 /* XCRemoteSwiftPackageReference "iPhoneNumberField" */ = {
			isa = XCRemoteSwiftPackageReference;
			repositoryURL = "https://github.com/MojtabaHs/iPhoneNumberField.git";
			requirement = {
				kind = upToNextMajorVersion;
				minimumVersion = 0.10.1;
			};
		};
/* End XCRemoteSwiftPackageReference section */

/* Begin XCSwiftPackageProductDependency section */
		A3A1CF8A2B31C5D900D0B4D2 /* WrappingHStack */ = {
			isa = XCSwiftPackageProductDependency;
			package = A3A1CF892B31C5D900D0B4D2 /* XCRemoteSwiftPackageReference "WrappingHStack" */;
			productName = WrappingHStack;
		};
		A3D4C0EA2B335899004C2972 /* iPhoneNumberField */ = {
			isa = XCSwiftPackageProductDependency;
			package = A3D4C0E92B335899004C2972 /* XCRemoteSwiftPackageReference "iPhoneNumberField" */;
			productName = iPhoneNumberField;
		};
/* End XCSwiftPackageProductDependency section */
	};
	rootObject = A3A1CF562B30BF7000D0B4D2 /* Project object */;
}
